
Microsoft Visual Studio Solution File, Format Version 12.00
# Visual Studio 15
VisualStudioVersion = 15.0.27428.2027
MinimumVisualStudioVersion = 10.0.40219.1
Project("{FAE04EC0-301F-11D3-BF4B-00C04F79EFBC}") = "Mod", "Mod\Mod.csproj", "{C80E70FD-7A79-4574-8E2B-CF3DA94F5430}"
EndProject
Project("{FAE04EC0-301F-11D3-BF4B-00C04F79EFBC}") = "WpfConsole", "WpfConsole\WpfConsole.csproj", "{1891841E-63D4-423A-8EC9-18CF2E247514}"
EndProject
Global
	GlobalSection(SolutionConfigurationPlatforms) = preSolution
		Debug|Any CPU = Debug|Any CPU
		Debug|x64 = Debug|x64
		Release|Any CPU = Release|Any CPU
		Release|x64 = Release|x64
	EndGlobalSection
	GlobalSection(ProjectConfigurationPlatforms) = postSolution
		{C80E70FD-7A79-4574-8E2B-CF3DA94F5430}.Debug|Any CPU.ActiveCfg = Debug|Any CPU
		{C80E70FD-7A79-4574-8E2B-CF3DA94F5430}.Debug|Any CPU.Build.0 = Debug|Any CPU
		{C80E70FD-7A79-4574-8E2B-CF3DA94F5430}.Debug|x64.ActiveCfg = Debug|x64
		{C80E70FD-7A79-4574-8E2B-CF3DA94F5430}.Debug|x64.Build.0 = Debug|x64
		{C80E70FD-7A79-4574-8E2B-CF3DA94F5430}.Release|Any CPU.ActiveCfg = Release|Any CPU
		{C80E70FD-7A79-4574-8E2B-CF3DA94F5430}.Release|Any CPU.Build.0 = Release|Any CPU
		{C80E70FD-7A79-4574-8E2B-CF3DA94F5430}.Release|x64.ActiveCfg = Release|x64
		{C80E70FD-7A79-4574-8E2B-CF3DA94F5430}.Release|x64.Build.0 = Release|x64
		{1891841E-63D4-423A-8EC9-18CF2E247514}.Debug|Any CPU.ActiveCfg = Debug|Any CPU
		{1891841E-63D4-423A-8EC9-18CF2E247514}.Debug|Any CPU.Build.0 = Debug|Any CPU
		{1891841E-63D4-423A-8EC9-18CF2E247514}.Debug|x64.ActiveCfg = Debug|Any CPU
		{1891841E-63D4-423A-8EC9-18CF2E247514}.Debug|x64.Build.0 = Debug|Any CPU
		{1891841E-63D4-423A-8EC9-18CF2E247514}.Release|Any CPU.ActiveCfg = Release|Any CPU
		{1891841E-63D4-423A-8EC9-18CF2E247514}.Release|Any CPU.Build.0 = Release|Any CPU
		{1891841E-63D4-423A-8EC9-18CF2E247514}.Release|x64.ActiveCfg = Release|Any CPU
		{1891841E-63D4-423A-8EC9-18CF2E247514}.Release|x64.Build.0 = Release|Any CPU
	EndGlobalSection
	GlobalSection(SolutionProperties) = preSolution
		HideSolutionNode = FALSE
	EndGlobalSection
	GlobalSection(ExtensibilityGlobals) = postSolution
		SolutionGuid = {B10A274F-EA64-4A08-AB5D-0774E0EC1611}
	EndGlobalSection
EndGlobal
